// !$*UTF8*$!
{
	archiveVersion = 1;
	classes = {
	};
	objectVersion = 46;
	objects = {

/* Begin PBXBuildFile section */
		00051147165A5B2E009ACDD7 /* UIKit.framework in Frameworks */ = {isa = PBXBuildFile; fileRef = 00051146165A5B2E009ACDD7 /* UIKit.framework */; };
		00051149165A5B2E009ACDD7 /* Foundation.framework in Frameworks */ = {isa = PBXBuildFile; fileRef = 00051148165A5B2E009ACDD7 /* Foundation.framework */; };
		0005114B165A5B2E009ACDD7 /* CoreGraphics.framework in Frameworks */ = {isa = PBXBuildFile; fileRef = 0005114A165A5B2E009ACDD7 /* CoreGraphics.framework */; };
		00051151165A5B2E009ACDD7 /* InfoPlist.strings in Resources */ = {isa = PBXBuildFile; fileRef = 0005114F165A5B2E009ACDD7 /* InfoPlist.strings */; };
		00051153165A5B2E009ACDD7 /* main.m in Sources */ = {isa = PBXBuildFile; fileRef = 00051152165A5B2E009ACDD7 /* main.m */; };
		00051157165A5B2E009ACDD7 /* XCAppDelegate.m in Sources */ = {isa = PBXBuildFile; fileRef = 00051156165A5B2E009ACDD7 /* XCAppDelegate.m */; };
		00051159165A5B2E009ACDD7 /* Default.png in Resources */ = {isa = PBXBuildFile; fileRef = 00051158165A5B2E009ACDD7 /* Default.png */; };
		0005115B165A5B2E009ACDD7 /* Default@2x.png in Resources */ = {isa = PBXBuildFile; fileRef = 0005115A165A5B2E009ACDD7 /* Default@2x.png */; };
		0005115D165A5B2E009ACDD7 /* Default-568h@2x.png in Resources */ = {isa = PBXBuildFile; fileRef = 0005115C165A5B2E009ACDD7 /* Default-568h@2x.png */; };
		00051160165A5B2E009ACDD7 /* XCViewController.m in Sources */ = {isa = PBXBuildFile; fileRef = 0005115F165A5B2E009ACDD7 /* XCViewController.m */; };
		00051163165A5B2E009ACDD7 /* XCViewController_iPhone.xib in Resources */ = {isa = PBXBuildFile; fileRef = 00051161165A5B2E009ACDD7 /* XCViewController_iPhone.xib */; };
		00051166165A5B2E009ACDD7 /* XCViewController_iPad.xib in Resources */ = {isa = PBXBuildFile; fileRef = 00051164165A5B2E009ACDD7 /* XCViewController_iPad.xib */; };
		0005116E165A5B2F009ACDD7 /* SenTestingKit.framework in Frameworks */ = {isa = PBXBuildFile; fileRef = 0005116D165A5B2F009ACDD7 /* SenTestingKit.framework */; };
		0005116F165A5B2F009ACDD7 /* UIKit.framework in Frameworks */ = {isa = PBXBuildFile; fileRef = 00051146165A5B2E009ACDD7 /* UIKit.framework */; };
		00051170165A5B2F009ACDD7 /* Foundation.framework in Frameworks */ = {isa = PBXBuildFile; fileRef = 00051148165A5B2E009ACDD7 /* Foundation.framework */; };
		00051178165A5B2F009ACDD7 /* InfoPlist.strings in Resources */ = {isa = PBXBuildFile; fileRef = 00051176165A5B2F009ACDD7 /* InfoPlist.strings */; };
		0005117B165A5B2F009ACDD7 /* ExpressionCalcTests.m in Sources */ = {isa = PBXBuildFile; fileRef = 0005117A165A5B2F009ACDD7 /* ExpressionCalcTests.m */; };
		00051186165A62AA009ACDD7 /* XCTokenizer.m in Sources */ = {isa = PBXBuildFile; fileRef = 00051185165A62AA009ACDD7 /* XCTokenizer.m */; };
/* End PBXBuildFile section */

/* Begin PBXContainerItemProxy section */
		00051171165A5B2F009ACDD7 /* PBXContainerItemProxy */ = {
			isa = PBXContainerItemProxy;
			containerPortal = 00051139165A5B2E009ACDD7 /* Project object */;
			proxyType = 1;
			remoteGlobalIDString = 00051141165A5B2E009ACDD7;
			remoteInfo = ExpressionCalc;
		};
/* End PBXContainerItemProxy section */

/* Begin PBXFileReference section */
		00051142165A5B2E009ACDD7 /* ExpressionCalc.app */ = {isa = PBXFileReference; explicitFileType = wrapper.application; includeInIndex = 0; path = ExpressionCalc.app; sourceTree = BUILT_PRODUCTS_DIR; };
		00051146165A5B2E009ACDD7 /* UIKit.framework */ = {isa = PBXFileReference; lastKnownFileType = wrapper.framework; name = UIKit.framework; path = System/Library/Frameworks/UIKit.framework; sourceTree = SDKROOT; };
		00051148165A5B2E009ACDD7 /* Foundation.framework */ = {isa = PBXFileReference; lastKnownFileType = wrapper.framework; name = Foundation.framework; path = System/Library/Frameworks/Foundation.framework; sourceTree = SDKROOT; };
		0005114A165A5B2E009ACDD7 /* CoreGraphics.framework */ = {isa = PBXFileReference; lastKnownFileType = wrapper.framework; name = CoreGraphics.framework; path = System/Library/Frameworks/CoreGraphics.framework; sourceTree = SDKROOT; };
		0005114E165A5B2E009ACDD7 /* ExpressionCalc-Info.plist */ = {isa = PBXFileReference; lastKnownFileType = text.plist.xml; path = "ExpressionCalc-Info.plist"; sourceTree = "<group>"; };
		00051150165A5B2E009ACDD7 /* en */ = {isa = PBXFileReference; lastKnownFileType = text.plist.strings; name = en; path = en.lproj/InfoPlist.strings; sourceTree = "<group>"; };
		00051152165A5B2E009ACDD7 /* main.m */ = {isa = PBXFileReference; lastKnownFileType = sourcecode.c.objc; path = main.m; sourceTree = "<group>"; };
		00051154165A5B2E009ACDD7 /* ExpressionCalc-Prefix.pch */ = {isa = PBXFileReference; lastKnownFileType = sourcecode.c.h; path = "ExpressionCalc-Prefix.pch"; sourceTree = "<group>"; };
		00051155165A5B2E009ACDD7 /* XCAppDelegate.h */ = {isa = PBXFileReference; lastKnownFileType = sourcecode.c.h; path = XCAppDelegate.h; sourceTree = "<group>"; };
		00051156165A5B2E009ACDD7 /* XCAppDelegate.m */ = {isa = PBXFileReference; lastKnownFileType = sourcecode.c.objc; path = XCAppDelegate.m; sourceTree = "<group>"; };
		00051158165A5B2E009ACDD7 /* Default.png */ = {isa = PBXFileReference; lastKnownFileType = image.png; path = Default.png; sourceTree = "<group>"; };
		0005115A165A5B2E009ACDD7 /* Default@2x.png */ = {isa = PBXFileReference; lastKnownFileType = image.png; path = "Default@2x.png"; sourceTree = "<group>"; };
		0005115C165A5B2E009ACDD7 /* Default-568h@2x.png */ = {isa = PBXFileReference; lastKnownFileType = image.png; path = "Default-568h@2x.png"; sourceTree = "<group>"; };
		0005115E165A5B2E009ACDD7 /* XCViewController.h */ = {isa = PBXFileReference; lastKnownFileType = sourcecode.c.h; path = XCViewController.h; sourceTree = "<group>"; };
		0005115F165A5B2E009ACDD7 /* XCViewController.m */ = {isa = PBXFileReference; lastKnownFileType = sourcecode.c.objc; path = XCViewController.m; sourceTree = "<group>"; };
		00051162165A5B2E009ACDD7 /* en */ = {isa = PBXFileReference; lastKnownFileType = file.xib; name = en; path = en.lproj/XCViewController_iPhone.xib; sourceTree = "<group>"; };
		00051165165A5B2E009ACDD7 /* en */ = {isa = PBXFileReference; lastKnownFileType = file.xib; name = en; path = en.lproj/XCViewController_iPad.xib; sourceTree = "<group>"; };
		0005116C165A5B2F009ACDD7 /* ExpressionCalcTests.octest */ = {isa = PBXFileReference; explicitFileType = wrapper.cfbundle; includeInIndex = 0; path = ExpressionCalcTests.octest; sourceTree = BUILT_PRODUCTS_DIR; };
		0005116D165A5B2F009ACDD7 /* SenTestingKit.framework */ = {isa = PBXFileReference; lastKnownFileType = wrapper.framework; name = SenTestingKit.framework; path = Library/Frameworks/SenTestingKit.framework; sourceTree = DEVELOPER_DIR; };
		00051175165A5B2F009ACDD7 /* ExpressionCalcTests-Info.plist */ = {isa = PBXFileReference; lastKnownFileType = text.plist.xml; path = "ExpressionCalcTests-Info.plist"; sourceTree = "<group>"; };
		00051177165A5B2F009ACDD7 /* en */ = {isa = PBXFileReference; lastKnownFileType = text.plist.strings; name = en; path = en.lproj/InfoPlist.strings; sourceTree = "<group>"; };
		00051179165A5B2F009ACDD7 /* ExpressionCalcTests.h */ = {isa = PBXFileReference; lastKnownFileType = sourcecode.c.h; path = ExpressionCalcTests.h; sourceTree = "<group>"; };
		0005117A165A5B2F009ACDD7 /* ExpressionCalcTests.m */ = {isa = PBXFileReference; lastKnownFileType = sourcecode.c.objc; path = ExpressionCalcTests.m; sourceTree = "<group>"; };
		00051184165A62AA009ACDD7 /* XCTokenizer.h */ = {isa = PBXFileReference; fileEncoding = 4; lastKnownFileType = sourcecode.c.h; path = XCTokenizer.h; sourceTree = "<group>"; };
		00051185165A62AA009ACDD7 /* XCTokenizer.m */ = {isa = PBXFileReference; fileEncoding = 4; lastKnownFileType = sourcecode.c.objc; path = XCTokenizer.m; sourceTree = "<group>"; };
		00051187165A787C009ACDD7 /* Symbols.h */ = {isa = PBXFileReference; lastKnownFileType = sourcecode.c.h; path = Symbols.h; sourceTree = "<group>"; };
/* End PBXFileReference section */

/* Begin PBXFrameworksBuildPhase section */
		0005113F165A5B2E009ACDD7 /* Frameworks */ = {
			isa = PBXFrameworksBuildPhase;
			buildActionMask = 2147483647;
			files = (
				00051147165A5B2E009ACDD7 /* UIKit.framework in Frameworks */,
				00051149165A5B2E009ACDD7 /* Foundation.framework in Frameworks */,
				0005114B165A5B2E009ACDD7 /* CoreGraphics.framework in Frameworks */,
			);
			runOnlyForDeploymentPostprocessing = 0;
		};
		00051168165A5B2F009ACDD7 /* Frameworks */ = {
			isa = PBXFrameworksBuildPhase;
			buildActionMask = 2147483647;
			files = (
				0005116E165A5B2F009ACDD7 /* SenTestingKit.framework in Frameworks */,
				0005116F165A5B2F009ACDD7 /* UIKit.framework in Frameworks */,
				00051170165A5B2F009ACDD7 /* Foundation.framework in Frameworks */,
			);
			runOnlyForDeploymentPostprocessing = 0;
		};
/* End PBXFrameworksBuildPhase section */

/* Begin PBXGroup section */
		00051137165A5B2E009ACDD7 = {
			isa = PBXGroup;
			children = (
				0005114C165A5B2E009ACDD7 /* ExpressionCalc */,
				00051173165A5B2F009ACDD7 /* ExpressionCalcTests */,
				00051145165A5B2E009ACDD7 /* Frameworks */,
				00051143165A5B2E009ACDD7 /* Products */,
			);
			sourceTree = "<group>";
		};
		00051143165A5B2E009ACDD7 /* Products */ = {
			isa = PBXGroup;
			children = (
				00051142165A5B2E009ACDD7 /* ExpressionCalc.app */,
				0005116C165A5B2F009ACDD7 /* ExpressionCalcTests.octest */,
			);
			name = Products;
			sourceTree = "<group>";
		};
		00051145165A5B2E009ACDD7 /* Frameworks */ = {
			isa = PBXGroup;
			children = (
				00051146165A5B2E009ACDD7 /* UIKit.framework */,
				00051148165A5B2E009ACDD7 /* Foundation.framework */,
				0005114A165A5B2E009ACDD7 /* CoreGraphics.framework */,
				0005116D165A5B2F009ACDD7 /* SenTestingKit.framework */,
			);
			name = Frameworks;
			sourceTree = "<group>";
		};
		0005114C165A5B2E009ACDD7 /* ExpressionCalc */ = {
			isa = PBXGroup;
			children = (
				00051155165A5B2E009ACDD7 /* XCAppDelegate.h */,
				00051156165A5B2E009ACDD7 /* XCAppDelegate.m */,
				0005115E165A5B2E009ACDD7 /* XCViewController.h */,
				0005115F165A5B2E009ACDD7 /* XCViewController.m */,
				00051161165A5B2E009ACDD7 /* XCViewController_iPhone.xib */,
				00051164165A5B2E009ACDD7 /* XCViewController_iPad.xib */,
				0005114D165A5B2E009ACDD7 /* Supporting Files */,
				00051184165A62AA009ACDD7 /* XCTokenizer.h */,
				00051187165A787C009ACDD7 /* Symbols.h */,
				00051185165A62AA009ACDD7 /* XCTokenizer.m */,
			);
			path = ExpressionCalc;
			sourceTree = "<group>";
		};
		0005114D165A5B2E009ACDD7 /* Supporting Files */ = {
			isa = PBXGroup;
			children = (
				0005114E165A5B2E009ACDD7 /* ExpressionCalc-Info.plist */,
				0005114F165A5B2E009ACDD7 /* InfoPlist.strings */,
				00051152165A5B2E009ACDD7 /* main.m */,
				00051154165A5B2E009ACDD7 /* ExpressionCalc-Prefix.pch */,
				00051158165A5B2E009ACDD7 /* Default.png */,
				0005115A165A5B2E009ACDD7 /* Default@2x.png */,
				0005115C165A5B2E009ACDD7 /* Default-568h@2x.png */,
			);
			name = "Supporting Files";
			sourceTree = "<group>";
		};
		00051173165A5B2F009ACDD7 /* ExpressionCalcTests */ = {
			isa = PBXGroup;
			children = (
				00051179165A5B2F009ACDD7 /* ExpressionCalcTests.h */,
				0005117A165A5B2F009ACDD7 /* ExpressionCalcTests.m */,
				00051174165A5B2F009ACDD7 /* Supporting Files */,
			);
			path = ExpressionCalcTests;
			sourceTree = "<group>";
		};
		00051174165A5B2F009ACDD7 /* Supporting Files */ = {
			isa = PBXGroup;
			children = (
				00051175165A5B2F009ACDD7 /* ExpressionCalcTests-Info.plist */,
				00051176165A5B2F009ACDD7 /* InfoPlist.strings */,
			);
			name = "Supporting Files";
			sourceTree = "<group>";
		};
/* End PBXGroup section */

/* Begin PBXNativeTarget section */
		00051141165A5B2E009ACDD7 /* ExpressionCalc */ = {
			isa = PBXNativeTarget;
			buildConfigurationList = 0005117E165A5B2F009ACDD7 /* Build configuration list for PBXNativeTarget "ExpressionCalc" */;
			buildPhases = (
				0005113E165A5B2E009ACDD7 /* Sources */,
				0005113F165A5B2E009ACDD7 /* Frameworks */,
				00051140165A5B2E009ACDD7 /* Resources */,
			);
			buildRules = (
			);
			dependencies = (
			);
			name = ExpressionCalc;
			productName = ExpressionCalc;
			productReference = 00051142165A5B2E009ACDD7 /* ExpressionCalc.app */;
			productType = "com.apple.product-type.application";
		};
		0005116B165A5B2F009ACDD7 /* ExpressionCalcTests */ = {
			isa = PBXNativeTarget;
			buildConfigurationList = 00051181165A5B2F009ACDD7 /* Build configuration list for PBXNativeTarget "ExpressionCalcTests" */;
			buildPhases = (
				00051167165A5B2F009ACDD7 /* Sources */,
				00051168165A5B2F009ACDD7 /* Frameworks */,
				00051169165A5B2F009ACDD7 /* Resources */,
				0005116A165A5B2F009ACDD7 /* ShellScript */,
			);
			buildRules = (
			);
			dependencies = (
				00051172165A5B2F009ACDD7 /* PBXTargetDependency */,
			);
			name = ExpressionCalcTests;
			productName = ExpressionCalcTests;
			productReference = 0005116C165A5B2F009ACDD7 /* ExpressionCalcTests.octest */;
			productType = "com.apple.product-type.bundle";
		};
/* End PBXNativeTarget section */

/* Begin PBXProject section */
		00051139165A5B2E009ACDD7 /* Project object */ = {
			isa = PBXProject;
			attributes = {
				CLASSPREFIX = XC;
				LastUpgradeCheck = 0450;
				ORGANIZATIONNAME = "Christoph Cwelich";
			};
			buildConfigurationList = 0005113C165A5B2E009ACDD7 /* Build configuration list for PBXProject "ExpressionCalc" */;
			compatibilityVersion = "Xcode 3.2";
			developmentRegion = English;
			hasScannedForEncodings = 0;
			knownRegions = (
				en,
			);
			mainGroup = 00051137165A5B2E009ACDD7;
			productRefGroup = 00051143165A5B2E009ACDD7 /* Products */;
			projectDirPath = "";
			projectRoot = "";
			targets = (
				00051141165A5B2E009ACDD7 /* ExpressionCalc */,
				0005116B165A5B2F009ACDD7 /* ExpressionCalcTests */,
			);
		};
/* End PBXProject section */

/* Begin PBXResourcesBuildPhase section */
		00051140165A5B2E009ACDD7 /* Resources */ = {
			isa = PBXResourcesBuildPhase;
			buildActionMask = 2147483647;
			files = (
				00051151165A5B2E009ACDD7 /* InfoPlist.strings in Resources */,
				00051159165A5B2E009ACDD7 /* Default.png in Resources */,
				0005115B165A5B2E009ACDD7 /* Default@2x.png in Resources */,
				0005115D165A5B2E009ACDD7 /* Default-568h@2x.png in Resources */,
				00051163165A5B2E009ACDD7 /* XCViewController_iPhone.xib in Resources */,
				00051166165A5B2E009ACDD7 /* XCViewController_iPad.xib in Resources */,
			);
			runOnlyForDeploymentPostprocessing = 0;
		};
		00051169165A5B2F009ACDD7 /* Resources */ = {
			isa = PBXResourcesBuildPhase;
			buildActionMask = 2147483647;
			files = (
				00051178165A5B2F009ACDD7 /* InfoPlist.strings in Resources */,
			);
			runOnlyForDeploymentPostprocessing = 0;
		};
/* End PBXResourcesBuildPhase section */

/* Begin PBXShellScriptBuildPhase section */
		0005116A165A5B2F009ACDD7 /* ShellScript */ = {
			isa = PBXShellScriptBuildPhase;
			buildActionMask = 2147483647;
			files = (
			);
			inputPaths = (
			);
			outputPaths = (
			);
			runOnlyForDeploymentPostprocessing = 0;
			shellPath = /bin/sh;
			shellScript = "# Run the unit tests in this test bundle.\n\"${SYSTEM_DEVELOPER_DIR}/Tools/RunUnitTests\"\n";
		};
/* End PBXShellScriptBuildPhase section */

/* Begin PBXSourcesBuildPhase section */
		0005113E165A5B2E009ACDD7 /* Sources */ = {
			isa = PBXSourcesBuildPhase;
			buildActionMask = 2147483647;
			files = (
				00051153165A5B2E009ACDD7 /* main.m in Sources */,
				00051157165A5B2E009ACDD7 /* XCAppDelegate.m in Sources */,
				00051160165A5B2E009ACDD7 /* XCViewController.m in Sources */,
				00051186165A62AA009ACDD7 /* XCTokenizer.m in Sources */,
			);
			runOnlyForDeploymentPostprocessing = 0;
		};
		00051167165A5B2F009ACDD7 /* Sources */ = {
			isa = PBXSourcesBuildPhase;
			buildActionMask = 2147483647;
			files = (
				0005117B165A5B2F009ACDD7 /* ExpressionCalcTests.m in Sources */,
			);
			runOnlyForDeploymentPostprocessing = 0;
		};
/* End PBXSourcesBuildPhase section */

/* Begin PBXTargetDependency section */
		00051172165A5B2F009ACDD7 /* PBXTargetDependency */ = {
			isa = PBXTargetDependency;
			target = 00051141165A5B2E009ACDD7 /* ExpressionCalc */;
			targetProxy = 00051171165A5B2F009ACDD7 /* PBXContainerItemProxy */;
		};
/* End PBXTargetDependency section */

/* Begin PBXVariantGroup section */
		0005114F165A5B2E009ACDD7 /* InfoPlist.strings */ = {
			isa = PBXVariantGroup;
			children = (
				00051150165A5B2E009ACDD7 /* en */,
			);
			name = InfoPlist.strings;
			sourceTree = "<group>";
		};
		00051161165A5B2E009ACDD7 /* XCViewController_iPhone.xib */ = {
			isa = PBXVariantGroup;
			children = (
				00051162165A5B2E009ACDD7 /* en */,
			);
			name = XCViewController_iPhone.xib;
			sourceTree = "<group>";
		};
		00051164165A5B2E009ACDD7 /* XCViewController_iPad.xib */ = {
			isa = PBXVariantGroup;
			children = (
				00051165165A5B2E009ACDD7 /* en */,
			);
			name = XCViewController_iPad.xib;
			sourceTree = "<group>";
		};
		00051176165A5B2F009ACDD7 /* InfoPlist.strings */ = {
			isa = PBXVariantGroup;
			children = (
				00051177165A5B2F009ACDD7 /* en */,
			);
			name = InfoPlist.strings;
			sourceTree = "<group>";
		};
/* End PBXVariantGroup section */

/* Begin XCBuildConfiguration section */
		0005117C165A5B2F009ACDD7 /* Debug */ = {
			isa = XCBuildConfiguration;
			buildSettings = {
				ALWAYS_SEARCH_USER_PATHS = NO;
				CLANG_CXX_LANGUAGE_STANDARD = "gnu++0x";
				CLANG_CXX_LIBRARY = "libc++";
				CLANG_ENABLE_OBJC_ARC = YES;
				CLANG_WARN_EMPTY_BODY = YES;
				CLANG_WARN__DUPLICATE_METHOD_MATCH = YES;
				"CODE_SIGN_IDENTITY[sdk=iphoneos*]" = "iPhone Developer";
				COPY_PHASE_STRIP = NO;
				GCC_C_LANGUAGE_STANDARD = gnu99;
				GCC_DYNAMIC_NO_PIC = NO;
				GCC_OPTIMIZATION_LEVEL = 0;
				GCC_PREPROCESSOR_DEFINITIONS = (
					"DEBUG=1",
					"$(inherited)",
				);
				GCC_SYMBOLS_PRIVATE_EXTERN = NO;
				GCC_WARN_ABOUT_RETURN_TYPE = YES;
				GCC_WARN_UNINITIALIZED_AUTOS = YES;
				GCC_WARN_UNUSED_VARIABLE = YES;
				IPHONEOS_DEPLOYMENT_TARGET = 6.0;
				SDKROOT = iphoneos;
				TARGETED_DEVICE_FAMILY = "1,2";
			};
			name = Debug;
		};
		0005117D165A5B2F009ACDD7 /* Release */ = {
			isa = XCBuildConfiguration;
			buildSettings = {
				ALWAYS_SEARCH_USER_PATHS = NO;
				CLANG_CXX_LANGUAGE_STANDARD = "gnu++0x";
				CLANG_CXX_LIBRARY = "libc++";
				CLANG_ENABLE_OBJC_ARC = YES;
				CLANG_WARN_EMPTY_BODY = YES;
				CLANG_WARN__DUPLICATE_METHOD_MATCH = YES;
				"CODE_SIGN_IDENTITY[sdk=iphoneos*]" = "iPhone Developer";
				COPY_PHASE_STRIP = YES;
				GCC_C_LANGUAGE_STANDARD = gnu99;
				GCC_WARN_ABOUT_RETURN_TYPE = YES;
				GCC_WARN_UNINITIALIZED_AUTOS = YES;
				GCC_WARN_UNUSED_VARIABLE = YES;
				IPHONEOS_DEPLOYMENT_TARGET = 6.0;
				OTHER_CFLAGS = "-DNS_BLOCK_ASSERTIONS=1";
				SDKROOT = iphoneos;
				TARGETED_DEVICE_FAMILY = "1,2";
				VALIDATE_PRODUCT = YES;
			};
			name = Release;
		};
		0005117F165A5B2F009ACDD7 /* Debug */ = {
			isa = XCBuildConfiguration;
			buildSettings = {
				GCC_PRECOMPILE_PREFIX_HEADER = YES;
				GCC_PREFIX_HEADER = "ExpressionCalc/ExpressionCalc-Prefix.pch";
				INFOPLIST_FILE = "ExpressionCalc/ExpressionCalc-Info.plist";
				PRODUCT_NAME = "$(TARGET_NAME)";
				WRAPPER_EXTENSION = app;
			};
			name = Debug;
		};
		00051180165A5B2F009ACDD7 /* Release */ = {
			isa = XCBuildConfiguration;
			buildSettings = {
				GCC_PRECOMPILE_PREFIX_HEADER = YES;
				GCC_PREFIX_HEADER = "ExpressionCalc/ExpressionCalc-Prefix.pch";
				INFOPLIST_FILE = "ExpressionCalc/ExpressionCalc-Info.plist";
				PRODUCT_NAME = "$(TARGET_NAME)";
				WRAPPER_EXTENSION = app;
			};
			name = Release;
		};
		00051182165A5B2F009ACDD7 /* Debug */ = {
			isa = XCBuildConfiguration;
			buildSettings = {
				BUNDLE_LOADER = "$(BUILT_PRODUCTS_DIR)/ExpressionCalc.app/ExpressionCalc";
				FRAMEWORK_SEARCH_PATHS = (
					"\"$(SDKROOT)/Developer/Library/Frameworks\"",
					"\"$(DEVELOPER_LIBRARY_DIR)/Frameworks\"",
				);
				GCC_PRECOMPILE_PREFIX_HEADER = YES;
				GCC_PREFIX_HEADER = "ExpressionCalc/ExpressionCalc-Prefix.pch";
				INFOPLIST_FILE = "ExpressionCalcTests/ExpressionCalcTests-Info.plist";
				PRODUCT_NAME = "$(TARGET_NAME)";
				TEST_HOST = "$(BUNDLE_LOADER)";
				WRAPPER_EXTENSION = octest;
			};
			name = Debug;
		};
		00051183165A5B2F009ACDD7 /* Release */ = {
			isa = XCBuildConfiguration;
			buildSettings = {
				BUNDLE_LOADER = "$(BUILT_PRODUCTS_DIR)/ExpressionCalc.app/ExpressionCalc";
				FRAMEWORK_SEARCH_PATHS = (
					"\"$(SDKROOT)/Developer/Library/Frameworks\"",
					"\"$(DEVELOPER_LIBRARY_DIR)/Frameworks\"",
				);
				GCC_PRECOMPILE_PREFIX_HEADER = YES;
				GCC_PREFIX_HEADER = "ExpressionCalc/ExpressionCalc-Prefix.pch";
				INFOPLIST_FILE = "ExpressionCalcTests/ExpressionCalcTests-Info.plist";
				PRODUCT_NAME = "$(TARGET_NAME)";
				TEST_HOST = "$(BUNDLE_LOADER)";
				WRAPPER_EXTENSION = octest;
			};
			name = Release;
		};
/* End XCBuildConfiguration section */

/* Begin XCConfigurationList section */
		0005113C165A5B2E009ACDD7 /* Build configuration list for PBXProject "ExpressionCalc" */ = {
			isa = XCConfigurationList;
			buildConfigurations = (
				0005117C165A5B2F009ACDD7 /* Debug */,
				0005117D165A5B2F009ACDD7 /* Release */,
			);
			defaultConfigurationIsVisible = 0;
			defaultConfigurationName = Release;
		};
		0005117E165A5B2F009ACDD7 /* Build configuration list for PBXNativeTarget "ExpressionCalc" */ = {
			isa = XCConfigurationList;
			buildConfigurations = (
				0005117F165A5B2F009ACDD7 /* Debug */,
				00051180165A5B2F009ACDD7 /* Release */,
			);
			defaultConfigurationIsVisible = 0;
		};
		00051181165A5B2F009ACDD7 /* Build configuration list for PBXNativeTarget "ExpressionCalcTests" */ = {
			isa = XCConfigurationList;
			buildConfigurations = (
				00051182165A5B2F009ACDD7 /* Debug */,
				00051183165A5B2F009ACDD7 /* Release */,
			);
			defaultConfigurationIsVisible = 0;
		};
/* End XCConfigurationList section */
	};
	rootObject = 00051139165A5B2E009ACDD7 /* Project object */;
}
