// !$*UTF8*$!
{
	archiveVersion = 1;
	classes = {
	};
	objectVersion = 46;
	objects = {

/* Begin PBXBuildFile section */
		00B2CF0F16624016005FBA87 /* XCFunctionPrototype.m in Sources */ = {isa = PBXBuildFile; fileRef = 00B2CF0E16624016005FBA87 /* XCFunctionPrototype.m */; };
		00B2CF1A16629274005FBA87 /* XCNegate.m in Sources */ = {isa = PBXBuildFile; fileRef = 00B2CF1916629273005FBA87 /* XCNegate.m */; };
		00B2CF1D16629452005FBA87 /* XCInvert.m in Sources */ = {isa = PBXBuildFile; fileRef = 00B2CF1C16629451005FBA87 /* XCInvert.m */; };
		00B2CF2016629AA6005FBA87 /* XCExpression.m in Sources */ = {isa = PBXBuildFile; fileRef = 00B2CF1F16629AA5005FBA87 /* XCExpression.m */; };
		00B2CF231662AED9005FBA87 /* XCInvertTest.m in Sources */ = {isa = PBXBuildFile; fileRef = 00B2CF221662AED9005FBA87 /* XCInvertTest.m */; };
		00B2CF261662AEF4005FBA87 /* XCNegateTest.m in Sources */ = {isa = PBXBuildFile; fileRef = 00B2CF251662AEF3005FBA87 /* XCNegateTest.m */; };
		00EA65FC165FF2D3001A6C3F /* XCIdentifier.m in Sources */ = {isa = PBXBuildFile; fileRef = 00EA65FB165FF2D3001A6C3F /* XCIdentifier.m */; };
		00EA6600165FF3F2001A6C3F /* XCFunction.m in Sources */ = {isa = PBXBuildFile; fileRef = 00EA65FF165FF3F2001A6C3F /* XCFunction.m */; };
		00EA6603165FF448001A6C3F /* XCConstant.m in Sources */ = {isa = PBXBuildFile; fileRef = 00EA6602165FF448001A6C3F /* XCConstant.m */; };
		00EA6606165FF459001A6C3F /* XCVariable.m in Sources */ = {isa = PBXBuildFile; fileRef = 00EA6605165FF459001A6C3F /* XCVariable.m */; };
		00EF5C8E165D0B520074325F /* UIKit.framework in Frameworks */ = {isa = PBXBuildFile; fileRef = 00EF5C8D165D0B520074325F /* UIKit.framework */; };
		00EF5C90165D0B520074325F /* Foundation.framework in Frameworks */ = {isa = PBXBuildFile; fileRef = 00EF5C8F165D0B520074325F /* Foundation.framework */; };
		00EF5C92165D0B520074325F /* CoreGraphics.framework in Frameworks */ = {isa = PBXBuildFile; fileRef = 00EF5C91165D0B520074325F /* CoreGraphics.framework */; };
		00EF5C98165D0B520074325F /* InfoPlist.strings in Resources */ = {isa = PBXBuildFile; fileRef = 00EF5C96165D0B520074325F /* InfoPlist.strings */; };
		00EF5C9A165D0B520074325F /* main.m in Sources */ = {isa = PBXBuildFile; fileRef = 00EF5C99165D0B520074325F /* main.m */; };
		00EF5C9E165D0B520074325F /* XCAppDelegate.m in Sources */ = {isa = PBXBuildFile; fileRef = 00EF5C9D165D0B520074325F /* XCAppDelegate.m */; };
		00EF5CA0165D0B520074325F /* Default.png in Resources */ = {isa = PBXBuildFile; fileRef = 00EF5C9F165D0B520074325F /* Default.png */; };
		00EF5CA2165D0B520074325F /* Default@2x.png in Resources */ = {isa = PBXBuildFile; fileRef = 00EF5CA1165D0B520074325F /* Default@2x.png */; };
		00EF5CA4165D0B520074325F /* Default-568h@2x.png in Resources */ = {isa = PBXBuildFile; fileRef = 00EF5CA3165D0B520074325F /* Default-568h@2x.png */; };
		00EF5CA7165D0B520074325F /* XCViewController.m in Sources */ = {isa = PBXBuildFile; fileRef = 00EF5CA6165D0B520074325F /* XCViewController.m */; };
		00EF5CAA165D0B530074325F /* XCViewController_iPhone.xib in Resources */ = {isa = PBXBuildFile; fileRef = 00EF5CA8165D0B530074325F /* XCViewController_iPhone.xib */; };
		00EF5CAD165D0B530074325F /* XCViewController_iPad.xib in Resources */ = {isa = PBXBuildFile; fileRef = 00EF5CAB165D0B530074325F /* XCViewController_iPad.xib */; };
		00EF5CB5165D0B530074325F /* SenTestingKit.framework in Frameworks */ = {isa = PBXBuildFile; fileRef = 00EF5CB4165D0B530074325F /* SenTestingKit.framework */; };
		00EF5CB6165D0B530074325F /* UIKit.framework in Frameworks */ = {isa = PBXBuildFile; fileRef = 00EF5C8D165D0B520074325F /* UIKit.framework */; };
		00EF5CB7165D0B530074325F /* Foundation.framework in Frameworks */ = {isa = PBXBuildFile; fileRef = 00EF5C8F165D0B520074325F /* Foundation.framework */; };
		00EF5CBF165D0B530074325F /* InfoPlist.strings in Resources */ = {isa = PBXBuildFile; fileRef = 00EF5CBD165D0B530074325F /* InfoPlist.strings */; };
		00EF5CC2165D0B530074325F /* ExprCalcTests.m in Sources */ = {isa = PBXBuildFile; fileRef = 00EF5CC1165D0B530074325F /* ExprCalcTests.m */; };
		00EF5CDB165D0C080074325F /* XCElement.m in Sources */ = {isa = PBXBuildFile; fileRef = 00EF5CCE165D0C080074325F /* XCElement.m */; };
		00EF5CDC165D0C080074325F /* XCLiteral.m in Sources */ = {isa = PBXBuildFile; fileRef = 00EF5CD0165D0C080074325F /* XCLiteral.m */; };
		00EF5CDD165D0C080074325F /* XCNumber.m in Sources */ = {isa = PBXBuildFile; fileRef = 00EF5CD2165D0C080074325F /* XCNumber.m */; };
		00EF5CDE165D0C080074325F /* XCStringIterator.m in Sources */ = {isa = PBXBuildFile; fileRef = 00EF5CD4165D0C080074325F /* XCStringIterator.m */; };
		00EF5CE0165D0C090074325F /* XCToken.m in Sources */ = {isa = PBXBuildFile; fileRef = 00EF5CD8165D0C080074325F /* XCToken.m */; };
		00EF5CE1165D0C090074325F /* XCTokenizer.m in Sources */ = {isa = PBXBuildFile; fileRef = 00EF5CDA165D0C080074325F /* XCTokenizer.m */; };
		00EF5CE6165D0CD50074325F /* XCTokenizerTest.m in Sources */ = {isa = PBXBuildFile; fileRef = 00EF5CE5165D0CD50074325F /* XCTokenizerTest.m */; };
		00EF5CE9165D25940074325F /* XCTest.m in Sources */ = {isa = PBXBuildFile; fileRef = 00EF5CE8165D25940074325F /* XCTest.m */; };
		00EF5CEC165D263B0074325F /* XCStringIteratorTest.m in Sources */ = {isa = PBXBuildFile; fileRef = 00EF5CEB165D263B0074325F /* XCStringIteratorTest.m */; };
		00EF5CF5165D2B360074325F /* XCProduct.m in Sources */ = {isa = PBXBuildFile; fileRef = 00EF5CF4165D2B360074325F /* XCProduct.m */; };
		00EF5CF8165D2B500074325F /* XCPower.m in Sources */ = {isa = PBXBuildFile; fileRef = 00EF5CF7165D2B4F0074325F /* XCPower.m */; };
		00EF5CFB165D2C150074325F /* XCErrorToken.m in Sources */ = {isa = PBXBuildFile; fileRef = 00EF5CFA165D2C150074325F /* XCErrorToken.m */; };
/* End PBXBuildFile section */

/* Begin PBXContainerItemProxy section */
		00EF5CB8165D0B530074325F /* PBXContainerItemProxy */ = {
			isa = PBXContainerItemProxy;
			containerPortal = 00EF5C80165D0B520074325F /* Project object */;
			proxyType = 1;
			remoteGlobalIDString = 00EF5C88165D0B520074325F;
			remoteInfo = ExprCalc;
		};
/* End PBXContainerItemProxy section */

/* Begin PBXFileReference section */
		00B2CF0D16624016005FBA87 /* XCFunctionPrototype.h */ = {isa = PBXFileReference; fileEncoding = 4; lastKnownFileType = sourcecode.c.h; path = XCFunctionPrototype.h; sourceTree = "<group>"; };
		00B2CF0E16624016005FBA87 /* XCFunctionPrototype.m */ = {isa = PBXFileReference; fileEncoding = 4; lastKnownFileType = sourcecode.c.objc; path = XCFunctionPrototype.m; sourceTree = "<group>"; };
		00B2CF1116625182005FBA87 /* XCHasValue.h */ = {isa = PBXFileReference; lastKnownFileType = sourcecode.c.h; path = XCHasValue.h; sourceTree = "<group>"; };
		00B2CF1816629273005FBA87 /* XCNegate.h */ = {isa = PBXFileReference; fileEncoding = 4; lastKnownFileType = sourcecode.c.h; path = XCNegate.h; sourceTree = "<group>"; };
		00B2CF1916629273005FBA87 /* XCNegate.m */ = {isa = PBXFileReference; fileEncoding = 4; lastKnownFileType = sourcecode.c.objc; path = XCNegate.m; sourceTree = "<group>"; };
		00B2CF1B16629450005FBA87 /* XCInvert.h */ = {isa = PBXFileReference; fileEncoding = 4; lastKnownFileType = sourcecode.c.h; path = XCInvert.h; sourceTree = "<group>"; };
		00B2CF1C16629451005FBA87 /* XCInvert.m */ = {isa = PBXFileReference; fileEncoding = 4; lastKnownFileType = sourcecode.c.objc; path = XCInvert.m; sourceTree = "<group>"; };
		00B2CF1E16629AA4005FBA87 /* XCExpression.h */ = {isa = PBXFileReference; fileEncoding = 4; lastKnownFileType = sourcecode.c.h; path = XCExpression.h; sourceTree = "<group>"; };
		00B2CF1F16629AA5005FBA87 /* XCExpression.m */ = {isa = PBXFileReference; fileEncoding = 4; lastKnownFileType = sourcecode.c.objc; path = XCExpression.m; sourceTree = "<group>"; };
		00B2CF211662AED9005FBA87 /* XCInvertTest.h */ = {isa = PBXFileReference; fileEncoding = 4; lastKnownFileType = sourcecode.c.h; path = XCInvertTest.h; sourceTree = "<group>"; };
		00B2CF221662AED9005FBA87 /* XCInvertTest.m */ = {isa = PBXFileReference; fileEncoding = 4; lastKnownFileType = sourcecode.c.objc; path = XCInvertTest.m; sourceTree = "<group>"; };
		00B2CF241662AEF3005FBA87 /* XCNegateTest.h */ = {isa = PBXFileReference; fileEncoding = 4; lastKnownFileType = sourcecode.c.h; path = XCNegateTest.h; sourceTree = "<group>"; };
		00B2CF251662AEF3005FBA87 /* XCNegateTest.m */ = {isa = PBXFileReference; fileEncoding = 4; lastKnownFileType = sourcecode.c.objc; path = XCNegateTest.m; sourceTree = "<group>"; };
		00EA65FA165FF2D3001A6C3F /* XCIdentifier.h */ = {isa = PBXFileReference; fileEncoding = 4; lastKnownFileType = sourcecode.c.h; path = XCIdentifier.h; sourceTree = "<group>"; };
		00EA65FB165FF2D3001A6C3F /* XCIdentifier.m */ = {isa = PBXFileReference; fileEncoding = 4; lastKnownFileType = sourcecode.c.objc; path = XCIdentifier.m; sourceTree = "<group>"; };
		00EA65FE165FF3F1001A6C3F /* XCFunction.h */ = {isa = PBXFileReference; fileEncoding = 4; lastKnownFileType = sourcecode.c.h; path = XCFunction.h; sourceTree = "<group>"; };
		00EA65FF165FF3F2001A6C3F /* XCFunction.m */ = {isa = PBXFileReference; fileEncoding = 4; lastKnownFileType = sourcecode.c.objc; path = XCFunction.m; sourceTree = "<group>"; };
		00EA6601165FF448001A6C3F /* XCConstant.h */ = {isa = PBXFileReference; fileEncoding = 4; lastKnownFileType = sourcecode.c.h; path = XCConstant.h; sourceTree = "<group>"; };
		00EA6602165FF448001A6C3F /* XCConstant.m */ = {isa = PBXFileReference; fileEncoding = 4; lastKnownFileType = sourcecode.c.objc; path = XCConstant.m; sourceTree = "<group>"; };
		00EA6604165FF459001A6C3F /* XCVariable.h */ = {isa = PBXFileReference; fileEncoding = 4; lastKnownFileType = sourcecode.c.h; path = XCVariable.h; sourceTree = "<group>"; };
		00EA6605165FF459001A6C3F /* XCVariable.m */ = {isa = PBXFileReference; fileEncoding = 4; lastKnownFileType = sourcecode.c.objc; path = XCVariable.m; sourceTree = "<group>"; };
		00EF5C89165D0B520074325F /* ExprCalc.app */ = {isa = PBXFileReference; explicitFileType = wrapper.application; includeInIndex = 0; path = ExprCalc.app; sourceTree = BUILT_PRODUCTS_DIR; };
		00EF5C8D165D0B520074325F /* UIKit.framework */ = {isa = PBXFileReference; lastKnownFileType = wrapper.framework; name = UIKit.framework; path = System/Library/Frameworks/UIKit.framework; sourceTree = SDKROOT; };
		00EF5C8F165D0B520074325F /* Foundation.framework */ = {isa = PBXFileReference; lastKnownFileType = wrapper.framework; name = Foundation.framework; path = System/Library/Frameworks/Foundation.framework; sourceTree = SDKROOT; };
		00EF5C91165D0B520074325F /* CoreGraphics.framework */ = {isa = PBXFileReference; lastKnownFileType = wrapper.framework; name = CoreGraphics.framework; path = System/Library/Frameworks/CoreGraphics.framework; sourceTree = SDKROOT; };
		00EF5C95165D0B520074325F /* ExprCalc-Info.plist */ = {isa = PBXFileReference; lastKnownFileType = text.plist.xml; path = "ExprCalc-Info.plist"; sourceTree = "<group>"; };
		00EF5C97165D0B520074325F /* en */ = {isa = PBXFileReference; lastKnownFileType = text.plist.strings; name = en; path = en.lproj/InfoPlist.strings; sourceTree = "<group>"; };
		00EF5C99165D0B520074325F /* main.m */ = {isa = PBXFileReference; lastKnownFileType = sourcecode.c.objc; path = main.m; sourceTree = "<group>"; };
		00EF5C9B165D0B520074325F /* ExprCalc-Prefix.pch */ = {isa = PBXFileReference; lastKnownFileType = sourcecode.c.h; path = "ExprCalc-Prefix.pch"; sourceTree = "<group>"; };
		00EF5C9C165D0B520074325F /* XCAppDelegate.h */ = {isa = PBXFileReference; lastKnownFileType = sourcecode.c.h; path = XCAppDelegate.h; sourceTree = "<group>"; };
		00EF5C9D165D0B520074325F /* XCAppDelegate.m */ = {isa = PBXFileReference; lastKnownFileType = sourcecode.c.objc; path = XCAppDelegate.m; sourceTree = "<group>"; };
		00EF5C9F165D0B520074325F /* Default.png */ = {isa = PBXFileReference; lastKnownFileType = image.png; path = Default.png; sourceTree = "<group>"; };
		00EF5CA1165D0B520074325F /* Default@2x.png */ = {isa = PBXFileReference; lastKnownFileType = image.png; path = "Default@2x.png"; sourceTree = "<group>"; };
		00EF5CA3165D0B520074325F /* Default-568h@2x.png */ = {isa = PBXFileReference; lastKnownFileType = image.png; path = "Default-568h@2x.png"; sourceTree = "<group>"; };
		00EF5CA5165D0B520074325F /* XCViewController.h */ = {isa = PBXFileReference; lastKnownFileType = sourcecode.c.h; path = XCViewController.h; sourceTree = "<group>"; };
		00EF5CA6165D0B520074325F /* XCViewController.m */ = {isa = PBXFileReference; lastKnownFileType = sourcecode.c.objc; path = XCViewController.m; sourceTree = "<group>"; };
		00EF5CA9165D0B530074325F /* en */ = {isa = PBXFileReference; lastKnownFileType = file.xib; name = en; path = en.lproj/XCViewController_iPhone.xib; sourceTree = "<group>"; };
		00EF5CAC165D0B530074325F /* en */ = {isa = PBXFileReference; lastKnownFileType = file.xib; name = en; path = en.lproj/XCViewController_iPad.xib; sourceTree = "<group>"; };
		00EF5CB3165D0B530074325F /* ExprCalcTests.octest */ = {isa = PBXFileReference; explicitFileType = wrapper.cfbundle; includeInIndex = 0; path = ExprCalcTests.octest; sourceTree = BUILT_PRODUCTS_DIR; };
		00EF5CB4165D0B530074325F /* SenTestingKit.framework */ = {isa = PBXFileReference; lastKnownFileType = wrapper.framework; name = SenTestingKit.framework; path = Library/Frameworks/SenTestingKit.framework; sourceTree = DEVELOPER_DIR; };
		00EF5CBC165D0B530074325F /* ExprCalcTests-Info.plist */ = {isa = PBXFileReference; lastKnownFileType = text.plist.xml; path = "ExprCalcTests-Info.plist"; sourceTree = "<group>"; };
		00EF5CBE165D0B530074325F /* en */ = {isa = PBXFileReference; lastKnownFileType = text.plist.strings; name = en; path = en.lproj/InfoPlist.strings; sourceTree = "<group>"; };
		00EF5CC0165D0B530074325F /* ExprCalcTests.h */ = {isa = PBXFileReference; lastKnownFileType = sourcecode.c.h; path = ExprCalcTests.h; sourceTree = "<group>"; };
		00EF5CC1165D0B530074325F /* ExprCalcTests.m */ = {isa = PBXFileReference; lastKnownFileType = sourcecode.c.objc; path = ExprCalcTests.m; sourceTree = "<group>"; };
		00EF5CCB165D0C080074325F /* Symbols.h */ = {isa = PBXFileReference; fileEncoding = 4; lastKnownFileType = sourcecode.c.h; path = Symbols.h; sourceTree = "<group>"; };
		00EF5CCC165D0C080074325F /* XCCharIterator.h */ = {isa = PBXFileReference; fileEncoding = 4; lastKnownFileType = sourcecode.c.h; path = XCCharIterator.h; sourceTree = "<group>"; };
		00EF5CCD165D0C080074325F /* XCElement.h */ = {isa = PBXFileReference; fileEncoding = 4; lastKnownFileType = sourcecode.c.h; path = XCElement.h; sourceTree = "<group>"; };
		00EF5CCE165D0C080074325F /* XCElement.m */ = {isa = PBXFileReference; fileEncoding = 4; lastKnownFileType = sourcecode.c.objc; path = XCElement.m; sourceTree = "<group>"; };
		00EF5CCF165D0C080074325F /* XCLiteral.h */ = {isa = PBXFileReference; fileEncoding = 4; lastKnownFileType = sourcecode.c.h; path = XCLiteral.h; sourceTree = "<group>"; };
		00EF5CD0165D0C080074325F /* XCLiteral.m */ = {isa = PBXFileReference; fileEncoding = 4; lastKnownFileType = sourcecode.c.objc; path = XCLiteral.m; sourceTree = "<group>"; };
		00EF5CD1165D0C080074325F /* XCNumber.h */ = {isa = PBXFileReference; fileEncoding = 4; lastKnownFileType = sourcecode.c.h; path = XCNumber.h; sourceTree = "<group>"; };
		00EF5CD2165D0C080074325F /* XCNumber.m */ = {isa = PBXFileReference; fileEncoding = 4; lastKnownFileType = sourcecode.c.objc; path = XCNumber.m; sourceTree = "<group>"; };
		00EF5CD3165D0C080074325F /* XCStringIterator.h */ = {isa = PBXFileReference; fileEncoding = 4; lastKnownFileType = sourcecode.c.h; path = XCStringIterator.h; sourceTree = "<group>"; };
		00EF5CD4165D0C080074325F /* XCStringIterator.m */ = {isa = PBXFileReference; fileEncoding = 4; lastKnownFileType = sourcecode.c.objc; path = XCStringIterator.m; sourceTree = "<group>"; };
		00EF5CD7165D0C080074325F /* XCToken.h */ = {isa = PBXFileReference; fileEncoding = 4; lastKnownFileType = sourcecode.c.h; path = XCToken.h; sourceTree = "<group>"; };
		00EF5CD8165D0C080074325F /* XCToken.m */ = {isa = PBXFileReference; fileEncoding = 4; lastKnownFileType = sourcecode.c.objc; path = XCToken.m; sourceTree = "<group>"; };
		00EF5CD9165D0C080074325F /* XCTokenizer.h */ = {isa = PBXFileReference; fileEncoding = 4; lastKnownFileType = sourcecode.c.h; path = XCTokenizer.h; sourceTree = "<group>"; };
		00EF5CDA165D0C080074325F /* XCTokenizer.m */ = {isa = PBXFileReference; fileEncoding = 4; lastKnownFileType = sourcecode.c.objc; path = XCTokenizer.m; sourceTree = "<group>"; };
		00EF5CE4165D0CD50074325F /* XCTokenizerTest.h */ = {isa = PBXFileReference; fileEncoding = 4; lastKnownFileType = sourcecode.c.h; path = XCTokenizerTest.h; sourceTree = "<group>"; };
		00EF5CE5165D0CD50074325F /* XCTokenizerTest.m */ = {isa = PBXFileReference; fileEncoding = 4; lastKnownFileType = sourcecode.c.objc; path = XCTokenizerTest.m; sourceTree = "<group>"; };
		00EF5CE7165D25940074325F /* XCTest.h */ = {isa = PBXFileReference; fileEncoding = 4; lastKnownFileType = sourcecode.c.h; path = XCTest.h; sourceTree = "<group>"; };
		00EF5CE8165D25940074325F /* XCTest.m */ = {isa = PBXFileReference; fileEncoding = 4; lastKnownFileType = sourcecode.c.objc; path = XCTest.m; sourceTree = "<group>"; };
		00EF5CEA165D263B0074325F /* XCStringIteratorTest.h */ = {isa = PBXFileReference; fileEncoding = 4; lastKnownFileType = sourcecode.c.h; path = XCStringIteratorTest.h; sourceTree = "<group>"; };
		00EF5CEB165D263B0074325F /* XCStringIteratorTest.m */ = {isa = PBXFileReference; fileEncoding = 4; lastKnownFileType = sourcecode.c.objc; path = XCStringIteratorTest.m; sourceTree = "<group>"; };
		00EF5CF0165D28290074325F /* XCElementParser.h */ = {isa = PBXFileReference; lastKnownFileType = sourcecode.c.h; path = XCElementParser.h; sourceTree = "<group>"; };
		00EF5CF3165D2B360074325F /* XCProduct.h */ = {isa = PBXFileReference; fileEncoding = 4; lastKnownFileType = sourcecode.c.h; path = XCProduct.h; sourceTree = "<group>"; };
		00EF5CF4165D2B360074325F /* XCProduct.m */ = {isa = PBXFileReference; fileEncoding = 4; lastKnownFileType = sourcecode.c.objc; path = XCProduct.m; sourceTree = "<group>"; };
		00EF5CF6165D2B4F0074325F /* XCPower.h */ = {isa = PBXFileReference; fileEncoding = 4; lastKnownFileType = sourcecode.c.h; path = XCPower.h; sourceTree = "<group>"; };
		00EF5CF7165D2B4F0074325F /* XCPower.m */ = {isa = PBXFileReference; fileEncoding = 4; lastKnownFileType = sourcecode.c.objc; path = XCPower.m; sourceTree = "<group>"; };
		00EF5CF9165D2C150074325F /* XCErrorToken.h */ = {isa = PBXFileReference; fileEncoding = 4; lastKnownFileType = sourcecode.c.h; path = XCErrorToken.h; sourceTree = "<group>"; };
		00EF5CFA165D2C150074325F /* XCErrorToken.m */ = {isa = PBXFileReference; fileEncoding = 4; lastKnownFileType = sourcecode.c.objc; path = XCErrorToken.m; sourceTree = "<group>"; };
/* End PBXFileReference section */

/* Begin PBXFrameworksBuildPhase section */
		00EF5C86165D0B520074325F /* Frameworks */ = {
			isa = PBXFrameworksBuildPhase;
			buildActionMask = 2147483647;
			files = (
				00EF5C8E165D0B520074325F /* UIKit.framework in Frameworks */,
				00EF5C90165D0B520074325F /* Foundation.framework in Frameworks */,
				00EF5C92165D0B520074325F /* CoreGraphics.framework in Frameworks */,
			);
			runOnlyForDeploymentPostprocessing = 0;
		};
		00EF5CAF165D0B530074325F /* Frameworks */ = {
			isa = PBXFrameworksBuildPhase;
			buildActionMask = 2147483647;
			files = (
				00EF5CB5165D0B530074325F /* SenTestingKit.framework in Frameworks */,
				00EF5CB6165D0B530074325F /* UIKit.framework in Frameworks */,
				00EF5CB7165D0B530074325F /* Foundation.framework in Frameworks */,
			);
			runOnlyForDeploymentPostprocessing = 0;
		};
/* End PBXFrameworksBuildPhase section */

/* Begin PBXGroup section */
		00EF5C7E165D0B520074325F = {
			isa = PBXGroup;
			children = (
				00EF5C93165D0B520074325F /* ExprCalc */,
				00EF5CBA165D0B530074325F /* ExprCalcTests */,
				00EF5C8C165D0B520074325F /* Frameworks */,
				00EF5C8A165D0B520074325F /* Products */,
			);
			sourceTree = "<group>";
		};
		00EF5C8A165D0B520074325F /* Products */ = {
			isa = PBXGroup;
			children = (
				00EF5C89165D0B520074325F /* ExprCalc.app */,
				00EF5CB3165D0B530074325F /* ExprCalcTests.octest */,
			);
			name = Products;
			sourceTree = "<group>";
		};
		00EF5C8C165D0B520074325F /* Frameworks */ = {
			isa = PBXGroup;
			children = (
				00EF5C8D165D0B520074325F /* UIKit.framework */,
				00EF5C8F165D0B520074325F /* Foundation.framework */,
				00EF5C91165D0B520074325F /* CoreGraphics.framework */,
				00EF5CB4165D0B530074325F /* SenTestingKit.framework */,
			);
			name = Frameworks;
			sourceTree = "<group>";
		};
		00EF5C93165D0B520074325F /* ExprCalc */ = {
			isa = PBXGroup;
			children = (
				00EF5CE3165D0C1B0074325F /* Parse */,
				00EF5CE2165D0C0D0074325F /* Element */,
				00EF5C9C165D0B520074325F /* XCAppDelegate.h */,
				00EF5C9D165D0B520074325F /* XCAppDelegate.m */,
				00EF5CA5165D0B520074325F /* XCViewController.h */,
				00EF5CA6165D0B520074325F /* XCViewController.m */,
				00EF5CA8165D0B530074325F /* XCViewController_iPhone.xib */,
				00EF5CAB165D0B530074325F /* XCViewController_iPad.xib */,
				00EF5C94165D0B520074325F /* Supporting Files */,
			);
			path = ExprCalc;
			sourceTree = "<group>";
		};
		00EF5C94165D0B520074325F /* Supporting Files */ = {
			isa = PBXGroup;
			children = (
				00EF5C95165D0B520074325F /* ExprCalc-Info.plist */,
				00EF5C96165D0B520074325F /* InfoPlist.strings */,
				00EF5C99165D0B520074325F /* main.m */,
				00EF5C9B165D0B520074325F /* ExprCalc-Prefix.pch */,
				00EF5C9F165D0B520074325F /* Default.png */,
				00EF5CA1165D0B520074325F /* Default@2x.png */,
				00EF5CA3165D0B520074325F /* Default-568h@2x.png */,
			);
			name = "Supporting Files";
			sourceTree = "<group>";
		};
		00EF5CBA165D0B530074325F /* ExprCalcTests */ = {
			isa = PBXGroup;
			children = (
				00EF5CEA165D263B0074325F /* XCStringIteratorTest.h */,
				00EF5CEB165D263B0074325F /* XCStringIteratorTest.m */,
				00EF5CE4165D0CD50074325F /* XCTokenizerTest.h */,
				00EF5CE5165D0CD50074325F /* XCTokenizerTest.m */,
				00EF5CC0165D0B530074325F /* ExprCalcTests.h */,
				00EF5CC1165D0B530074325F /* ExprCalcTests.m */,
				00EF5CBB165D0B530074325F /* Supporting Files */,
				00EF5CE7165D25940074325F /* XCTest.h */,
				00EF5CE8165D25940074325F /* XCTest.m */,
				00B2CF211662AED9005FBA87 /* XCInvertTest.h */,
				00B2CF221662AED9005FBA87 /* XCInvertTest.m */,
				00B2CF241662AEF3005FBA87 /* XCNegateTest.h */,
				00B2CF251662AEF3005FBA87 /* XCNegateTest.m */,
			);
			path = ExprCalcTests;
			sourceTree = "<group>";
		};
		00EF5CBB165D0B530074325F /* Supporting Files */ = {
			isa = PBXGroup;
			children = (
				00EF5CBC165D0B530074325F /* ExprCalcTests-Info.plist */,
				00EF5CBD165D0B530074325F /* InfoPlist.strings */,
			);
			name = "Supporting Files";
			sourceTree = "<group>";
		};
		00EF5CE2165D0C0D0074325F /* Element */ = {
			isa = PBXGroup;
			children = (
				00EF5CCD165D0C080074325F /* XCElement.h */,
				00EF5CCE165D0C080074325F /* XCElement.m */,
				00B2CF1116625182005FBA87 /* XCHasValue.h */,
				00B2CF1E16629AA4005FBA87 /* XCExpression.h */,
				00B2CF1F16629AA5005FBA87 /* XCExpression.m */,
				00EF5CF3165D2B360074325F /* XCProduct.h */,
				00EF5CF4165D2B360074325F /* XCProduct.m */,
				00EF5CF6165D2B4F0074325F /* XCPower.h */,
				00EF5CF7165D2B4F0074325F /* XCPower.m */,
				00EF5CCF165D0C080074325F /* XCLiteral.h */,
				00EF5CD0165D0C080074325F /* XCLiteral.m */,
				00EA65FA165FF2D3001A6C3F /* XCIdentifier.h */,
				00EA65FB165FF2D3001A6C3F /* XCIdentifier.m */,
				00EF5CD1165D0C080074325F /* XCNumber.h */,
				00EF5CD2165D0C080074325F /* XCNumber.m */,
				00EA65FE165FF3F1001A6C3F /* XCFunction.h */,
				00EA65FF165FF3F2001A6C3F /* XCFunction.m */,
				00EA6601165FF448001A6C3F /* XCConstant.h */,
				00EA6602165FF448001A6C3F /* XCConstant.m */,
				00EA6604165FF459001A6C3F /* XCVariable.h */,
				00EA6605165FF459001A6C3F /* XCVariable.m */,
				00B2CF0D16624016005FBA87 /* XCFunctionPrototype.h */,
				00B2CF0E16624016005FBA87 /* XCFunctionPrototype.m */,
				00B2CF1B16629450005FBA87 /* XCInvert.h */,
				00B2CF1C16629451005FBA87 /* XCInvert.m */,
				00B2CF1816629273005FBA87 /* XCNegate.h */,
				00B2CF1916629273005FBA87 /* XCNegate.m */,
			);
			name = Element;
			sourceTree = "<group>";
		};
		00EF5CE3165D0C1B0074325F /* Parse */ = {
			isa = PBXGroup;
			children = (
				00EF5CD7165D0C080074325F /* XCToken.h */,
				00EF5CF9165D2C150074325F /* XCErrorToken.h */,
				00EF5CFA165D2C150074325F /* XCErrorToken.m */,
				00EF5CD8165D0C080074325F /* XCToken.m */,
				00EF5CD9165D0C080074325F /* XCTokenizer.h */,
				00EF5CDA165D0C080074325F /* XCTokenizer.m */,
				00EF5CD4165D0C080074325F /* XCStringIterator.m */,
				00EF5CD3165D0C080074325F /* XCStringIterator.h */,
				00EF5CCC165D0C080074325F /* XCCharIterator.h */,
				00EF5CCB165D0C080074325F /* Symbols.h */,
				00EF5CF0165D28290074325F /* XCElementParser.h */,
			);
			name = Parse;
			sourceTree = "<group>";
		};
/* End PBXGroup section */

/* Begin PBXNativeTarget section */
		00EF5C88165D0B520074325F /* ExprCalc */ = {
			isa = PBXNativeTarget;
			buildConfigurationList = 00EF5CC5165D0B530074325F /* Build configuration list for PBXNativeTarget "ExprCalc" */;
			buildPhases = (
				00EF5C85165D0B520074325F /* Sources */,
				00EF5C86165D0B520074325F /* Frameworks */,
				00EF5C87165D0B520074325F /* Resources */,
			);
			buildRules = (
			);
			dependencies = (
			);
			name = ExprCalc;
			productName = ExprCalc;
			productReference = 00EF5C89165D0B520074325F /* ExprCalc.app */;
			productType = "com.apple.product-type.application";
		};
		00EF5CB2165D0B530074325F /* ExprCalcTests */ = {
			isa = PBXNativeTarget;
			buildConfigurationList = 00EF5CC8165D0B530074325F /* Build configuration list for PBXNativeTarget "ExprCalcTests" */;
			buildPhases = (
				00EF5CAE165D0B530074325F /* Sources */,
				00EF5CAF165D0B530074325F /* Frameworks */,
				00EF5CB0165D0B530074325F /* Resources */,
				00EF5CB1165D0B530074325F /* ShellScript */,
			);
			buildRules = (
			);
			dependencies = (
				00EF5CB9165D0B530074325F /* PBXTargetDependency */,
			);
			name = ExprCalcTests;
			productName = ExprCalcTests;
			productReference = 00EF5CB3165D0B530074325F /* ExprCalcTests.octest */;
			productType = "com.apple.product-type.bundle";
		};
/* End PBXNativeTarget section */

/* Begin PBXProject section */
		00EF5C80165D0B520074325F /* Project object */ = {
			isa = PBXProject;
			attributes = {
				CLASSPREFIX = XC;
				LastUpgradeCheck = 0450;
				ORGANIZATIONNAME = "Christoph Cwelich";
			};
			buildConfigurationList = 00EF5C83165D0B520074325F /* Build configuration list for PBXProject "ExprCalc" */;
			compatibilityVersion = "Xcode 3.2";
			developmentRegion = English;
			hasScannedForEncodings = 0;
			knownRegions = (
				en,
			);
			mainGroup = 00EF5C7E165D0B520074325F;
			productRefGroup = 00EF5C8A165D0B520074325F /* Products */;
			projectDirPath = "";
			projectRoot = "";
			targets = (
				00EF5C88165D0B520074325F /* ExprCalc */,
				00EF5CB2165D0B530074325F /* ExprCalcTests */,
			);
		};
/* End PBXProject section */

/* Begin PBXResourcesBuildPhase section */
		00EF5C87165D0B520074325F /* Resources */ = {
			isa = PBXResourcesBuildPhase;
			buildActionMask = 2147483647;
			files = (
				00EF5C98165D0B520074325F /* InfoPlist.strings in Resources */,
				00EF5CA0165D0B520074325F /* Default.png in Resources */,
				00EF5CA2165D0B520074325F /* Default@2x.png in Resources */,
				00EF5CA4165D0B520074325F /* Default-568h@2x.png in Resources */,
				00EF5CAA165D0B530074325F /* XCViewController_iPhone.xib in Resources */,
				00EF5CAD165D0B530074325F /* XCViewController_iPad.xib in Resources */,
			);
			runOnlyForDeploymentPostprocessing = 0;
		};
		00EF5CB0165D0B530074325F /* Resources */ = {
			isa = PBXResourcesBuildPhase;
			buildActionMask = 2147483647;
			files = (
				00EF5CBF165D0B530074325F /* InfoPlist.strings in Resources */,
			);
			runOnlyForDeploymentPostprocessing = 0;
		};
/* End PBXResourcesBuildPhase section */

/* Begin PBXShellScriptBuildPhase section */
		00EF5CB1165D0B530074325F /* ShellScript */ = {
			isa = PBXShellScriptBuildPhase;
			buildActionMask = 2147483647;
			files = (
			);
			inputPaths = (
			);
			outputPaths = (
			);
			runOnlyForDeploymentPostprocessing = 0;
			shellPath = /bin/sh;
			shellScript = "# Run the unit tests in this test bundle.\n\"${SYSTEM_DEVELOPER_DIR}/Tools/RunUnitTests\"\n";
		};
/* End PBXShellScriptBuildPhase section */

/* Begin PBXSourcesBuildPhase section */
		00EF5C85165D0B520074325F /* Sources */ = {
			isa = PBXSourcesBuildPhase;
			buildActionMask = 2147483647;
			files = (
				00EF5C9A165D0B520074325F /* main.m in Sources */,
				00EF5C9E165D0B520074325F /* XCAppDelegate.m in Sources */,
				00EF5CA7165D0B520074325F /* XCViewController.m in Sources */,
				00EF5CDB165D0C080074325F /* XCElement.m in Sources */,
				00EF5CDC165D0C080074325F /* XCLiteral.m in Sources */,
				00EF5CDD165D0C080074325F /* XCNumber.m in Sources */,
				00EF5CDE165D0C080074325F /* XCStringIterator.m in Sources */,
				00EF5CE0165D0C090074325F /* XCToken.m in Sources */,
				00EF5CE1165D0C090074325F /* XCTokenizer.m in Sources */,
				00EF5CF5165D2B360074325F /* XCProduct.m in Sources */,
				00EF5CF8165D2B500074325F /* XCPower.m in Sources */,
				00EF5CFB165D2C150074325F /* XCErrorToken.m in Sources */,
				00EA65FC165FF2D3001A6C3F /* XCIdentifier.m in Sources */,
				00EA6600165FF3F2001A6C3F /* XCFunction.m in Sources */,
				00EA6603165FF448001A6C3F /* XCConstant.m in Sources */,
				00EA6606165FF459001A6C3F /* XCVariable.m in Sources */,
				00B2CF0F16624016005FBA87 /* XCFunctionPrototype.m in Sources */,
				00B2CF1A16629274005FBA87 /* XCNegate.m in Sources */,
				00B2CF1D16629452005FBA87 /* XCInvert.m in Sources */,
				00B2CF2016629AA6005FBA87 /* XCExpression.m in Sources */,
			);
			runOnlyForDeploymentPostprocessing = 0;
		};
		00EF5CAE165D0B530074325F /* Sources */ = {
			isa = PBXSourcesBuildPhase;
			buildActionMask = 2147483647;
			files = (
				00EF5CC2165D0B530074325F /* ExprCalcTests.m in Sources */,
				00EF5CE6165D0CD50074325F /* XCTokenizerTest.m in Sources */,
				00EF5CE9165D25940074325F /* XCTest.m in Sources */,
				00EF5CEC165D263B0074325F /* XCStringIteratorTest.m in Sources */,
				00B2CF231662AED9005FBA87 /* XCInvertTest.m in Sources */,
				00B2CF261662AEF4005FBA87 /* XCNegateTest.m in Sources */,
			);
			runOnlyForDeploymentPostprocessing = 0;
		};
/* End PBXSourcesBuildPhase section */

/* Begin PBXTargetDependency section */
		00EF5CB9165D0B530074325F /* PBXTargetDependency */ = {
			isa = PBXTargetDependency;
			target = 00EF5C88165D0B520074325F /* ExprCalc */;
			targetProxy = 00EF5CB8165D0B530074325F /* PBXContainerItemProxy */;
		};
/* End PBXTargetDependency section */

/* Begin PBXVariantGroup section */
		00EF5C96165D0B520074325F /* InfoPlist.strings */ = {
			isa = PBXVariantGroup;
			children = (
				00EF5C97165D0B520074325F /* en */,
			);
			name = InfoPlist.strings;
			sourceTree = "<group>";
		};
		00EF5CA8165D0B530074325F /* XCViewController_iPhone.xib */ = {
			isa = PBXVariantGroup;
			children = (
				00EF5CA9165D0B530074325F /* en */,
			);
			name = XCViewController_iPhone.xib;
			sourceTree = "<group>";
		};
		00EF5CAB165D0B530074325F /* XCViewController_iPad.xib */ = {
			isa = PBXVariantGroup;
			children = (
				00EF5CAC165D0B530074325F /* en */,
			);
			name = XCViewController_iPad.xib;
			sourceTree = "<group>";
		};
		00EF5CBD165D0B530074325F /* InfoPlist.strings */ = {
			isa = PBXVariantGroup;
			children = (
				00EF5CBE165D0B530074325F /* en */,
			);
			name = InfoPlist.strings;
			sourceTree = "<group>";
		};
/* End PBXVariantGroup section */

/* Begin XCBuildConfiguration section */
		00EF5CC3165D0B530074325F /* Debug */ = {
			isa = XCBuildConfiguration;
			buildSettings = {
				ALWAYS_SEARCH_USER_PATHS = NO;
				CLANG_CXX_LANGUAGE_STANDARD = "gnu++0x";
				CLANG_CXX_LIBRARY = "libc++";
				CLANG_ENABLE_OBJC_ARC = YES;
				CLANG_WARN_EMPTY_BODY = YES;
				CLANG_WARN__DUPLICATE_METHOD_MATCH = YES;
				"CODE_SIGN_IDENTITY[sdk=iphoneos*]" = "iPhone Developer";
				COPY_PHASE_STRIP = NO;
				GCC_C_LANGUAGE_STANDARD = gnu99;
				GCC_DYNAMIC_NO_PIC = NO;
				GCC_OPTIMIZATION_LEVEL = 0;
				GCC_PREPROCESSOR_DEFINITIONS = (
					"DEBUG=1",
					"$(inherited)",
				);
				GCC_SYMBOLS_PRIVATE_EXTERN = NO;
				GCC_WARN_ABOUT_RETURN_TYPE = YES;
				GCC_WARN_UNINITIALIZED_AUTOS = YES;
				GCC_WARN_UNUSED_VARIABLE = YES;
				IPHONEOS_DEPLOYMENT_TARGET = 6.0;
				ONLY_ACTIVE_ARCH = YES;
				SDKROOT = iphoneos;
				TARGETED_DEVICE_FAMILY = "1,2";
			};
			name = Debug;
		};
		00EF5CC4165D0B530074325F /* Release */ = {
			isa = XCBuildConfiguration;
			buildSettings = {
				ALWAYS_SEARCH_USER_PATHS = NO;
				CLANG_CXX_LANGUAGE_STANDARD = "gnu++0x";
				CLANG_CXX_LIBRARY = "libc++";
				CLANG_ENABLE_OBJC_ARC = YES;
				CLANG_WARN_EMPTY_BODY = YES;
				CLANG_WARN__DUPLICATE_METHOD_MATCH = YES;
				"CODE_SIGN_IDENTITY[sdk=iphoneos*]" = "iPhone Developer";
				COPY_PHASE_STRIP = YES;
				GCC_C_LANGUAGE_STANDARD = gnu99;
				GCC_WARN_ABOUT_RETURN_TYPE = YES;
				GCC_WARN_UNINITIALIZED_AUTOS = YES;
				GCC_WARN_UNUSED_VARIABLE = YES;
				IPHONEOS_DEPLOYMENT_TARGET = 6.0;
				OTHER_CFLAGS = "-DNS_BLOCK_ASSERTIONS=1";
				SDKROOT = iphoneos;
				TARGETED_DEVICE_FAMILY = "1,2";
				VALIDATE_PRODUCT = YES;
			};
			name = Release;
		};
		00EF5CC6165D0B530074325F /* Debug */ = {
			isa = XCBuildConfiguration;
			buildSettings = {
				GCC_PRECOMPILE_PREFIX_HEADER = YES;
				GCC_PREFIX_HEADER = "ExprCalc/ExprCalc-Prefix.pch";
				INFOPLIST_FILE = "ExprCalc/ExprCalc-Info.plist";
				PRODUCT_NAME = "$(TARGET_NAME)";
				WRAPPER_EXTENSION = app;
			};
			name = Debug;
		};
		00EF5CC7165D0B530074325F /* Release */ = {
			isa = XCBuildConfiguration;
			buildSettings = {
				GCC_PRECOMPILE_PREFIX_HEADER = YES;
				GCC_PREFIX_HEADER = "ExprCalc/ExprCalc-Prefix.pch";
				INFOPLIST_FILE = "ExprCalc/ExprCalc-Info.plist";
				PRODUCT_NAME = "$(TARGET_NAME)";
				WRAPPER_EXTENSION = app;
			};
			name = Release;
		};
		00EF5CC9165D0B530074325F /* Debug */ = {
			isa = XCBuildConfiguration;
			buildSettings = {
				BUNDLE_LOADER = "$(BUILT_PRODUCTS_DIR)/ExprCalc.app/ExprCalc";
				FRAMEWORK_SEARCH_PATHS = (
					"\"$(SDKROOT)/Developer/Library/Frameworks\"",
					"\"$(DEVELOPER_LIBRARY_DIR)/Frameworks\"",
				);
				GCC_PRECOMPILE_PREFIX_HEADER = YES;
				GCC_PREFIX_HEADER = "ExprCalc/ExprCalc-Prefix.pch";
				INFOPLIST_FILE = "ExprCalcTests/ExprCalcTests-Info.plist";
				PRODUCT_NAME = "$(TARGET_NAME)";
				TEST_HOST = "$(BUNDLE_LOADER)";
				WRAPPER_EXTENSION = octest;
			};
			name = Debug;
		};
		00EF5CCA165D0B530074325F /* Release */ = {
			isa = XCBuildConfiguration;
			buildSettings = {
				BUNDLE_LOADER = "$(BUILT_PRODUCTS_DIR)/ExprCalc.app/ExprCalc";
				FRAMEWORK_SEARCH_PATHS = (
					"\"$(SDKROOT)/Developer/Library/Frameworks\"",
					"\"$(DEVELOPER_LIBRARY_DIR)/Frameworks\"",
				);
				GCC_PRECOMPILE_PREFIX_HEADER = YES;
				GCC_PREFIX_HEADER = "ExprCalc/ExprCalc-Prefix.pch";
				INFOPLIST_FILE = "ExprCalcTests/ExprCalcTests-Info.plist";
				PRODUCT_NAME = "$(TARGET_NAME)";
				TEST_HOST = "$(BUNDLE_LOADER)";
				WRAPPER_EXTENSION = octest;
			};
			name = Release;
		};
/* End XCBuildConfiguration section */

/* Begin XCConfigurationList section */
		00EF5C83165D0B520074325F /* Build configuration list for PBXProject "ExprCalc" */ = {
			isa = XCConfigurationList;
			buildConfigurations = (
				00EF5CC3165D0B530074325F /* Debug */,
				00EF5CC4165D0B530074325F /* Release */,
			);
			defaultConfigurationIsVisible = 0;
			defaultConfigurationName = Release;
		};
		00EF5CC5165D0B530074325F /* Build configuration list for PBXNativeTarget "ExprCalc" */ = {
			isa = XCConfigurationList;
			buildConfigurations = (
				00EF5CC6165D0B530074325F /* Debug */,
				00EF5CC7165D0B530074325F /* Release */,
			);
			defaultConfigurationIsVisible = 0;
			defaultConfigurationName = Release;
		};
		00EF5CC8165D0B530074325F /* Build configuration list for PBXNativeTarget "ExprCalcTests" */ = {
			isa = XCConfigurationList;
			buildConfigurations = (
				00EF5CC9165D0B530074325F /* Debug */,
				00EF5CCA165D0B530074325F /* Release */,
			);
			defaultConfigurationIsVisible = 0;
			defaultConfigurationName = Release;
		};
/* End XCConfigurationList section */
	};
	rootObject = 00EF5C80165D0B520074325F /* Project object */;
}
